
Microsoft Visual Studio Solution File, Format Version 12.00
# Visual Studio Version 16
VisualStudioVersion = 16.0.30523.141
MinimumVisualStudioVersion = 10.0.40219.1
Project("{FAE04EC0-301F-11D3-BF4B-00C04F79EFBC}") = "RobotsVsDinosaurs", "RobotsVsDinosaurs\RobotsVsDinosaurs.csproj", "{21D4F5EA-0881-402C-BE11-00C03BCAA673}"
EndProject
Global
	GlobalSection(SolutionConfigurationPlatforms) = preSolution
		Debug|Any CPU = Debug|Any CPU
		Release|Any CPU = Release|Any CPU
	EndGlobalSection
	GlobalSection(ProjectConfigurationPlatforms) = postSolution
		{21D4F5EA-0881-402C-BE11-00C03BCAA673}.Debug|Any CPU.ActiveCfg = Debug|Any CPU
		{21D4F5EA-0881-402C-BE11-00C03BCAA673}.Debug|Any CPU.Build.0 = Debug|Any CPU
		{21D4F5EA-0881-402C-BE11-00C03BCAA673}.Release|Any CPU.ActiveCfg = Release|Any CPU
		{21D4F5EA-0881-402C-BE11-00C03BCAA673}.Release|Any CPU.Build.0 = Release|Any CPU
	EndGlobalSection
	GlobalSection(SolutionProperties) = preSolution
		HideSolutionNode = FALSE
	EndGlobalSection
	GlobalSection(ExtensibilityGlobals) = postSolution
		SolutionGuid = {FA99F112-07A7-4934-9054-5756FB3A8FAF}
	EndGlobalSection
EndGlobal
